Microsoft Visual Studio Solution File, Format Version 12.00
# Visual Studio Version 17
VisualStudioVersion = 17.5.2.0
MinimumVisualStudioVersion = 10.0.40219.1
Project("{2150E333-8FDC-42A3-9474-1A3956D46DE8}") = "Code", "Code", "{314C6247-30EA-3492-19B6-DF847E3B326F}"
EndProject
Project("{FAE04EC0-301F-11D3-BF4B-00C04F79EFBC}") = "MultiFileDownloader.Client", "Code\MultiFileDownloader.Client\MultiFileDownloader.Client.csproj", "{041C0E11-225B-F80C-C7C1-785BA7BCAEF2}"
EndProject
Project("{FAE04EC0-301F-11D3-BF4B-00C04F79EFBC}") = "MultiFileDownloader.Server", "Code\MultiFileDownloader.Server\MultiFileDownloader.Server.csproj", "{A7B56B69-D0AA-337A-0083-157D15CC9F1F}"
EndProject
Project("{FAE04EC0-301F-11D3-BF4B-00C04F79EFBC}") = "MultiFileDownloader.Shared", "Code\MultiFileDownloader.Shared\MultiFileDownloader.Shared.csproj", "{2289BEC0-47CA-9D6D-6A42-03FF2CA5F72E}"
EndProject
Global
	GlobalSection(SolutionConfigurationPlatforms) = preSolution
		Debug|Any CPU = Debug|Any CPU
		Release|Any CPU = Release|Any CPU
	EndGlobalSection
	GlobalSection(ProjectConfigurationPlatforms) = postSolution
		{041C0E11-225B-F80C-C7C1-785BA7BCAEF2}.Debug|Any CPU.ActiveCfg = Debug|Any CPU
		{041C0E11-225B-F80C-C7C1-785BA7BCAEF2}.Debug|Any CPU.Build.0 = Debug|Any CPU
		{041C0E11-225B-F80C-C7C1-785BA7BCAEF2}.Release|Any CPU.ActiveCfg = Release|Any CPU
		{041C0E11-225B-F80C-C7C1-785BA7BCAEF2}.Release|Any CPU.Build.0 = Release|Any CPU
		{A7B56B69-D0AA-337A-0083-157D15CC9F1F}.Debug|Any CPU.ActiveCfg = Debug|Any CPU
		{A7B56B69-D0AA-337A-0083-157D15CC9F1F}.Debug|Any CPU.Build.0 = Debug|Any CPU
		{A7B56B69-D0AA-337A-0083-157D15CC9F1F}.Release|Any CPU.ActiveCfg = Release|Any CPU
		{A7B56B69-D0AA-337A-0083-157D15CC9F1F}.Release|Any CPU.Build.0 = Release|Any CPU
		{2289BEC0-47CA-9D6D-6A42-03FF2CA5F72E}.Debug|Any CPU.ActiveCfg = Debug|Any CPU
		{2289BEC0-47CA-9D6D-6A42-03FF2CA5F72E}.Debug|Any CPU.Build.0 = Debug|Any CPU
		{2289BEC0-47CA-9D6D-6A42-03FF2CA5F72E}.Release|Any CPU.ActiveCfg = Release|Any CPU
		{2289BEC0-47CA-9D6D-6A42-03FF2CA5F72E}.Release|Any CPU.Build.0 = Release|Any CPU
	EndGlobalSection
	GlobalSection(SolutionProperties) = preSolution
		HideSolutionNode = FALSE
	EndGlobalSection
	GlobalSection(NestedProjects) = preSolution
		{041C0E11-225B-F80C-C7C1-785BA7BCAEF2} = {314C6247-30EA-3492-19B6-DF847E3B326F}
		{A7B56B69-D0AA-337A-0083-157D15CC9F1F} = {314C6247-30EA-3492-19B6-DF847E3B326F}
		{2289BEC0-47CA-9D6D-6A42-03FF2CA5F72E} = {314C6247-30EA-3492-19B6-DF847E3B326F}
	EndGlobalSection
	GlobalSection(ExtensibilityGlobals) = postSolution
		SolutionGuid = {FA966ADF-BF1C-4B8E-91D2-3D52C53A35EC}
	EndGlobalSection
EndGlobal
